
Microsoft Visual Studio Solution File, Format Version 12.00
# Visual Studio Version 16
VisualStudioVersion = 16.0.30804.86
MinimumVisualStudioVersion = 10.0.40219.1
Project("{FAE04EC0-301F-11D3-BF4B-00C04F79EFBC}") = "HashtilERP.Server", "HashtilERP\Server\HashtilERP.Server.csproj", "{AB4A1943-53C8-4C4F-8520-4B16758BD6DA}"
EndProject
Project("{FAE04EC0-301F-11D3-BF4B-00C04F79EFBC}") = "HashtilERP.Client", "HashtilERP\Client\HashtilERP.Client.csproj", "{F12CEE11-E1ED-4768-9798-81C73421E8DB}"
EndProject
Project("{FAE04EC0-301F-11D3-BF4B-00C04F79EFBC}") = "HashtilERP.Shared", "HashtilERP\Shared\HashtilERP.Shared.csproj", "{96F204A9-9996-408B-9201-E934381ECA8A}"
EndProject
Global
	GlobalSection(SolutionConfigurationPlatforms) = preSolution
		Debug|Any CPU = Debug|Any CPU
		Release|Any CPU = Release|Any CPU
	EndGlobalSection
	GlobalSection(ProjectConfigurationPlatforms) = postSolution
		{AB4A1943-53C8-4C4F-8520-4B16758BD6DA}.Debug|Any CPU.ActiveCfg = Debug|Any CPU
		{AB4A1943-53C8-4C4F-8520-4B16758BD6DA}.Debug|Any CPU.Build.0 = Debug|Any CPU
		{AB4A1943-53C8-4C4F-8520-4B16758BD6DA}.Release|Any CPU.ActiveCfg = Release|Any CPU
		{AB4A1943-53C8-4C4F-8520-4B16758BD6DA}.Release|Any CPU.Build.0 = Release|Any CPU
		{F12CEE11-E1ED-4768-9798-81C73421E8DB}.Debug|Any CPU.ActiveCfg = Debug|Any CPU
		{F12CEE11-E1ED-4768-9798-81C73421E8DB}.Debug|Any CPU.Build.0 = Debug|Any CPU
		{F12CEE11-E1ED-4768-9798-81C73421E8DB}.Release|Any CPU.ActiveCfg = Release|Any CPU
		{F12CEE11-E1ED-4768-9798-81C73421E8DB}.Release|Any CPU.Build.0 = Release|Any CPU
		{96F204A9-9996-408B-9201-E934381ECA8A}.Debug|Any CPU.ActiveCfg = Debug|Any CPU
		{96F204A9-9996-408B-9201-E934381ECA8A}.Debug|Any CPU.Build.0 = Debug|Any CPU
		{96F204A9-9996-408B-9201-E934381ECA8A}.Release|Any CPU.ActiveCfg = Release|Any CPU
		{96F204A9-9996-408B-9201-E934381ECA8A}.Release|Any CPU.Build.0 = Release|Any CPU
	EndGlobalSection
	GlobalSection(SolutionProperties) = preSolution
		HideSolutionNode = FALSE
	EndGlobalSection
	GlobalSection(ExtensibilityGlobals) = postSolution
		SolutionGuid = {5E828BF5-61FD-4F94-8D12-C1A3D348A616}
	EndGlobalSection
EndGlobal
